// !$*UTF8*$!
{
	archiveVersion = 1;
	classes = {
	};
	objectVersion = 55;
	objects = {

/* Begin PBXBuildFile section */
		3EE6003A272CDC420038691C /* platz_fuer_teamsApp.swift in Sources */ = {isa = PBXBuildFile; fileRef = 3EE60039272CDC420038691C /* platz_fuer_teamsApp.swift */; };
		3EE6003C272CDC420038691C /* ContentView.swift in Sources */ = {isa = PBXBuildFile; fileRef = 3EE6003B272CDC420038691C /* ContentView.swift */; };
		3EE6003E272CDC450038691C /* Assets.xcassets in Resources */ = {isa = PBXBuildFile; fileRef = 3EE6003D272CDC450038691C /* Assets.xcassets */; };
		3EE60041272CDC450038691C /* Preview Assets.xcassets in Resources */ = {isa = PBXBuildFile; fileRef = 3EE60040272CDC450038691C /* Preview Assets.xcassets */; };
		3EE6004A272CE17C0038691C /* MainScreen.swift in Sources */ = {isa = PBXBuildFile; fileRef = 3EE60049272CE17B0038691C /* MainScreen.swift */; };
		FA1AA72B273AEA9D00F97169 /* Student.swift in Sources */ = {isa = PBXBuildFile; fileRef = FA1AA72A273AEA9D00F97169 /* Student.swift */; };
		FA1AA72D273AEAD600F97169 /* LearningSpace.swift in Sources */ = {isa = PBXBuildFile; fileRef = FA1AA72C273AEAD600F97169 /* LearningSpace.swift */; };
		FA1AA72F273AEB5A00F97169 /* Booking.swift in Sources */ = {isa = PBXBuildFile; fileRef = FA1AA72E273AEB5A00F97169 /* Booking.swift */; };
		FA1AA742273AEEB600F97169 /* umbagog@2x.jpg in Resources */ = {isa = PBXBuildFile; fileRef = FA1AA735273AEEB600F97169 /* umbagog@2x.jpg */; };
		FA1AA743273AEEB600F97169 /* twinlake@2x.jpg in Resources */ = {isa = PBXBuildFile; fileRef = FA1AA736273AEEB600F97169 /* twinlake@2x.jpg */; };
		FA1AA744273AEEB600F97169 /* chincoteague@2x.jpg in Resources */ = {isa = PBXBuildFile; fileRef = FA1AA737273AEEB600F97169 /* chincoteague@2x.jpg */; };
		FA1AA745273AEEB600F97169 /* lakemcdonald@2x.jpg in Resources */ = {isa = PBXBuildFile; fileRef = FA1AA738273AEEB600F97169 /* lakemcdonald@2x.jpg */; };
		FA1AA746273AEEB600F97169 /* silversalmoncreek@2x.jpg in Resources */ = {isa = PBXBuildFile; fileRef = FA1AA739273AEEB600F97169 /* silversalmoncreek@2x.jpg */; };
		FA1AA747273AEEB600F97169 /* icybay@2x.jpg in Resources */ = {isa = PBXBuildFile; fileRef = FA1AA73A273AEEB600F97169 /* icybay@2x.jpg */; };
		FA1AA748273AEEB600F97169 /* hiddenlake@2x.jpg in Resources */ = {isa = PBXBuildFile; fileRef = FA1AA73B273AEEB600F97169 /* hiddenlake@2x.jpg */; };
		FA1AA749273AEEB600F97169 /* chilkoottrail@2x.jpg in Resources */ = {isa = PBXBuildFile; fileRef = FA1AA73C273AEEB600F97169 /* chilkoottrail@2x.jpg */; };
		FA1AA74A273AEEB600F97169 /* stmarylake@2x.jpg in Resources */ = {isa = PBXBuildFile; fileRef = FA1AA73D273AEEB600F97169 /* stmarylake@2x.jpg */; };
		FA1AA74B273AEEB600F97169 /* charleyrivers@2x.jpg in Resources */ = {isa = PBXBuildFile; fileRef = FA1AA73E273AEEB600F97169 /* charleyrivers@2x.jpg */; };
		FA1AA74C273AEEB600F97169 /* rainbowlake@2x.jpg in Resources */ = {isa = PBXBuildFile; fileRef = FA1AA73F273AEEB600F97169 /* rainbowlake@2x.jpg */; };
		FA1AA74D273AEEB600F97169 /* learningSpaceData.json in Resources */ = {isa = PBXBuildFile; fileRef = FA1AA740273AEEB600F97169 /* learningSpaceData.json */; };
		FA1AA74F273AF02700F97169 /* ModelData.swift in Sources */ = {isa = PBXBuildFile; fileRef = FA1AA74E273AF02700F97169 /* ModelData.swift */; };
		FA1AA751273AFD0200F97169 /* CircleImage.swift in Sources */ = {isa = PBXBuildFile; fileRef = FA1AA750273AFD0200F97169 /* CircleImage.swift */; };
		FA1AA753273AFD8500F97169 /* MapView.swift in Sources */ = {isa = PBXBuildFile; fileRef = FA1AA752273AFD8500F97169 /* MapView.swift */; };
		FA1AA755273AFE1100F97169 /* DetailLearningSpace.swift in Sources */ = {isa = PBXBuildFile; fileRef = FA1AA754273AFE1100F97169 /* DetailLearningSpace.swift */; };
		FA1AA757273AFF0400F97169 /* RowLearningSpace.swift in Sources */ = {isa = PBXBuildFile; fileRef = FA1AA756273AFF0400F97169 /* RowLearningSpace.swift */; };
		FA1AA759273B022800F97169 /* ListLearningSpaces.swift in Sources */ = {isa = PBXBuildFile; fileRef = FA1AA758273B022800F97169 /* ListLearningSpaces.swift */; };
/* End PBXBuildFile section */

/* Begin PBXFileReference section */
		3EE60036272CDC420038691C /* platz-fuer-teams.app */ = {isa = PBXFileReference; explicitFileType = wrapper.application; includeInIndex = 0; path = "platz-fuer-teams.app"; sourceTree = BUILT_PRODUCTS_DIR; };
		3EE60039272CDC420038691C /* platz_fuer_teamsApp.swift */ = {isa = PBXFileReference; lastKnownFileType = sourcecode.swift; path = platz_fuer_teamsApp.swift; sourceTree = "<group>"; };
		3EE6003B272CDC420038691C /* ContentView.swift */ = {isa = PBXFileReference; lastKnownFileType = sourcecode.swift; path = ContentView.swift; sourceTree = "<group>"; };
		3EE6003D272CDC450038691C /* Assets.xcassets */ = {isa = PBXFileReference; lastKnownFileType = folder.assetcatalog; path = Assets.xcassets; sourceTree = "<group>"; };
		3EE60040272CDC450038691C /* Preview Assets.xcassets */ = {isa = PBXFileReference; lastKnownFileType = folder.assetcatalog; path = "Preview Assets.xcassets"; sourceTree = "<group>"; };
		3EE60049272CE17B0038691C /* MainScreen.swift */ = {isa = PBXFileReference; lastKnownFileType = sourcecode.swift; path = MainScreen.swift; sourceTree = "<group>"; };
		FA1AA72A273AEA9D00F97169 /* Student.swift */ = {isa = PBXFileReference; lastKnownFileType = sourcecode.swift; path = Student.swift; sourceTree = "<group>"; };
		FA1AA72C273AEAD600F97169 /* LearningSpace.swift */ = {isa = PBXFileReference; lastKnownFileType = sourcecode.swift; path = LearningSpace.swift; sourceTree = "<group>"; };
		FA1AA72E273AEB5A00F97169 /* Booking.swift */ = {isa = PBXFileReference; lastKnownFileType = sourcecode.swift; path = Booking.swift; sourceTree = "<group>"; };
		FA1AA735273AEEB600F97169 /* umbagog@2x.jpg */ = {isa = PBXFileReference; lastKnownFileType = image.jpeg; path = "umbagog@2x.jpg"; sourceTree = "<group>"; };
		FA1AA736273AEEB600F97169 /* twinlake@2x.jpg */ = {isa = PBXFileReference; lastKnownFileType = image.jpeg; path = "twinlake@2x.jpg"; sourceTree = "<group>"; };
		FA1AA737273AEEB600F97169 /* chincoteague@2x.jpg */ = {isa = PBXFileReference; lastKnownFileType = image.jpeg; path = "chincoteague@2x.jpg"; sourceTree = "<group>"; };
		FA1AA738273AEEB600F97169 /* lakemcdonald@2x.jpg */ = {isa = PBXFileReference; lastKnownFileType = image.jpeg; path = "lakemcdonald@2x.jpg"; sourceTree = "<group>"; };
		FA1AA739273AEEB600F97169 /* silversalmoncreek@2x.jpg */ = {isa = PBXFileReference; lastKnownFileType = image.jpeg; path = "silversalmoncreek@2x.jpg"; sourceTree = "<group>"; };
		FA1AA73A273AEEB600F97169 /* icybay@2x.jpg */ = {isa = PBXFileReference; lastKnownFileType = image.jpeg; path = "icybay@2x.jpg"; sourceTree = "<group>"; };
		FA1AA73B273AEEB600F97169 /* hiddenlake@2x.jpg */ = {isa = PBXFileReference; lastKnownFileType = image.jpeg; path = "hiddenlake@2x.jpg"; sourceTree = "<group>"; };
		FA1AA73C273AEEB600F97169 /* chilkoottrail@2x.jpg */ = {isa = PBXFileReference; lastKnownFileType = image.jpeg; path = "chilkoottrail@2x.jpg"; sourceTree = "<group>"; };
		FA1AA73D273AEEB600F97169 /* stmarylake@2x.jpg */ = {isa = PBXFileReference; lastKnownFileType = image.jpeg; path = "stmarylake@2x.jpg"; sourceTree = "<group>"; };
		FA1AA73E273AEEB600F97169 /* charleyrivers@2x.jpg */ = {isa = PBXFileReference; lastKnownFileType = image.jpeg; path = "charleyrivers@2x.jpg"; sourceTree = "<group>"; };
		FA1AA73F273AEEB600F97169 /* rainbowlake@2x.jpg */ = {isa = PBXFileReference; lastKnownFileType = image.jpeg; path = "rainbowlake@2x.jpg"; sourceTree = "<group>"; };
		FA1AA740273AEEB600F97169 /* learningSpaceData.json */ = {isa = PBXFileReference; fileEncoding = 4; lastKnownFileType = text.json; path = learningSpaceData.json; sourceTree = "<group>"; };
		FA1AA74E273AF02700F97169 /* ModelData.swift */ = {isa = PBXFileReference; lastKnownFileType = sourcecode.swift; path = ModelData.swift; sourceTree = "<group>"; };
		FA1AA750273AFD0200F97169 /* CircleImage.swift */ = {isa = PBXFileReference; lastKnownFileType = sourcecode.swift; path = CircleImage.swift; sourceTree = "<group>"; };
		FA1AA752273AFD8500F97169 /* MapView.swift */ = {isa = PBXFileReference; lastKnownFileType = sourcecode.swift; path = MapView.swift; sourceTree = "<group>"; };
		FA1AA754273AFE1100F97169 /* DetailLearningSpace.swift */ = {isa = PBXFileReference; lastKnownFileType = sourcecode.swift; path = DetailLearningSpace.swift; sourceTree = "<group>"; };
		FA1AA756273AFF0400F97169 /* RowLearningSpace.swift */ = {isa = PBXFileReference; lastKnownFileType = sourcecode.swift; path = RowLearningSpace.swift; sourceTree = "<group>"; };
		FA1AA758273B022800F97169 /* ListLearningSpaces.swift */ = {isa = PBXFileReference; lastKnownFileType = sourcecode.swift; path = ListLearningSpaces.swift; sourceTree = "<group>"; };
/* End PBXFileReference section */

/* Begin PBXFrameworksBuildPhase section */
		3EE60033272CDC420038691C /* Frameworks */ = {
			isa = PBXFrameworksBuildPhase;
			buildActionMask = 2147483647;
			files = (
			);
			runOnlyForDeploymentPostprocessing = 0;
		};
/* End PBXFrameworksBuildPhase section */

/* Begin PBXGroup section */
		3EE6002D272CDC420038691C = {
			isa = PBXGroup;
			children = (
				3EE60038272CDC420038691C /* platz-fuer-teams */,
				3EE60037272CDC420038691C /* Products */,
			);
			sourceTree = "<group>";
		};
		3EE60037272CDC420038691C /* Products */ = {
			isa = PBXGroup;
			children = (
				3EE60036272CDC420038691C /* platz-fuer-teams.app */,
			);
			name = Products;
			sourceTree = "<group>";
		};
		3EE60038272CDC420038691C /* platz-fuer-teams */ = {
			isa = PBXGroup;
			children = (
				FA1AA731273AEEB600F97169 /* Resources */,
				FA1AA730273AEDAD00F97169 /* View */,
				FA1AA729273AEA7600F97169 /* Model */,
				3EE60039272CDC420038691C /* platz_fuer_teamsApp.swift */,
				3EE6003D272CDC450038691C /* Assets.xcassets */,
				3EE6003F272CDC450038691C /* Preview Content */,
			);
			path = "platz-fuer-teams";
			sourceTree = "<group>";
		};
		3EE6003F272CDC450038691C /* Preview Content */ = {
			isa = PBXGroup;
			children = (
				3EE60040272CDC450038691C /* Preview Assets.xcassets */,
			);
			path = "Preview Content";
			sourceTree = "<group>";
		};
		FA1AA729273AEA7600F97169 /* Model */ = {
			isa = PBXGroup;
			children = (
				FA1AA72A273AEA9D00F97169 /* Student.swift */,
				FA1AA72C273AEAD600F97169 /* LearningSpace.swift */,
				FA1AA72E273AEB5A00F97169 /* Booking.swift */,
				FA1AA74E273AF02700F97169 /* ModelData.swift */,
			);
			path = Model;
			sourceTree = "<group>";
		};
		FA1AA730273AEDAD00F97169 /* View */ = {
			isa = PBXGroup;
			children = (
				3EE6003B272CDC420038691C /* ContentView.swift */,
				3EE60049272CE17B0038691C /* MainScreen.swift */,
				FA1AA750273AFD0200F97169 /* CircleImage.swift */,
				FA1AA752273AFD8500F97169 /* MapView.swift */,
				FA1AA754273AFE1100F97169 /* DetailLearningSpace.swift */,
				FA1AA756273AFF0400F97169 /* RowLearningSpace.swift */,
				FA1AA758273B022800F97169 /* ListLearningSpaces.swift */,
			);
			path = View;
			sourceTree = "<group>";
		};
		FA1AA731273AEEB600F97169 /* Resources */ = {
			isa = PBXGroup;
			children = (
				FA1AA734273AEEB600F97169 /* Images */,
				FA1AA740273AEEB600F97169 /* learningSpaceData.json */,
			);
			path = Resources;
			sourceTree = "<group>";
		};
		FA1AA734273AEEB600F97169 /* Images */ = {
			isa = PBXGroup;
			children = (
				FA1AA735273AEEB600F97169 /* umbagog@2x.jpg */,
				FA1AA736273AEEB600F97169 /* twinlake@2x.jpg */,
				FA1AA737273AEEB600F97169 /* chincoteague@2x.jpg */,
				FA1AA738273AEEB600F97169 /* lakemcdonald@2x.jpg */,
				FA1AA739273AEEB600F97169 /* silversalmoncreek@2x.jpg */,
				FA1AA73A273AEEB600F97169 /* icybay@2x.jpg */,
				FA1AA73B273AEEB600F97169 /* hiddenlake@2x.jpg */,
				FA1AA73C273AEEB600F97169 /* chilkoottrail@2x.jpg */,
				FA1AA73D273AEEB600F97169 /* stmarylake@2x.jpg */,
				FA1AA73E273AEEB600F97169 /* charleyrivers@2x.jpg */,
				FA1AA73F273AEEB600F97169 /* rainbowlake@2x.jpg */,
			);
			path = Images;
			sourceTree = "<group>";
		};
/* End PBXGroup section */

/* Begin PBXNativeTarget section */
		3EE60035272CDC420038691C /* platz-fuer-teams */ = {
			isa = PBXNativeTarget;
			buildConfigurationList = 3EE60044272CDC450038691C /* Build configuration list for PBXNativeTarget "platz-fuer-teams" */;
			buildPhases = (
				3EE60032272CDC420038691C /* Sources */,
				3EE60033272CDC420038691C /* Frameworks */,
				3EE60034272CDC420038691C /* Resources */,
			);
			buildRules = (
			);
			dependencies = (
			);
			name = "platz-fuer-teams";
			productName = "platz-fuer-teams";
			productReference = 3EE60036272CDC420038691C /* platz-fuer-teams.app */;
			productType = "com.apple.product-type.application";
		};
/* End PBXNativeTarget section */

/* Begin PBXProject section */
		3EE6002E272CDC420038691C /* Project object */ = {
			isa = PBXProject;
			attributes = {
				BuildIndependentTargetsInParallel = 1;
				LastSwiftUpdateCheck = 1310;
				LastUpgradeCheck = 1310;
				TargetAttributes = {
					3EE60035272CDC420038691C = {
						CreatedOnToolsVersion = 13.1;
					};
				};
			};
			buildConfigurationList = 3EE60031272CDC420038691C /* Build configuration list for PBXProject "platz-fuer-teams" */;
			compatibilityVersion = "Xcode 13.0";
			developmentRegion = en;
			hasScannedForEncodings = 0;
			knownRegions = (
				en,
				Base,
			);
			mainGroup = 3EE6002D272CDC420038691C;
			productRefGroup = 3EE60037272CDC420038691C /* Products */;
			projectDirPath = "";
			projectRoot = "";
			targets = (
				3EE60035272CDC420038691C /* platz-fuer-teams */,
			);
		};
/* End PBXProject section */

/* Begin PBXResourcesBuildPhase section */
		3EE60034272CDC420038691C /* Resources */ = {
			isa = PBXResourcesBuildPhase;
			buildActionMask = 2147483647;
			files = (
				FA1AA74B273AEEB600F97169 /* charleyrivers@2x.jpg in Resources */,
				FA1AA748273AEEB600F97169 /* hiddenlake@2x.jpg in Resources */,
				FA1AA742273AEEB600F97169 /* umbagog@2x.jpg in Resources */,
				FA1AA74C273AEEB600F97169 /* rainbowlake@2x.jpg in Resources */,
				FA1AA747273AEEB600F97169 /* icybay@2x.jpg in Resources */,
				FA1AA746273AEEB600F97169 /* silversalmoncreek@2x.jpg in Resources */,
				3EE60041272CDC450038691C /* Preview Assets.xcassets in Resources */,
				FA1AA74D273AEEB600F97169 /* learningSpaceData.json in Resources */,
				FA1AA743273AEEB600F97169 /* twinlake@2x.jpg in Resources */,
				FA1AA74A273AEEB600F97169 /* stmarylake@2x.jpg in Resources */,
				FA1AA745273AEEB600F97169 /* lakemcdonald@2x.jpg in Resources */,
				FA1AA749273AEEB600F97169 /* chilkoottrail@2x.jpg in Resources */,
				3EE6003E272CDC450038691C /* Assets.xcassets in Resources */,
				FA1AA744273AEEB600F97169 /* chincoteague@2x.jpg in Resources */,
			);
			runOnlyForDeploymentPostprocessing = 0;
		};
/* End PBXResourcesBuildPhase section */

/* Begin PBXSourcesBuildPhase section */
		3EE60032272CDC420038691C /* Sources */ = {
			isa = PBXSourcesBuildPhase;
			buildActionMask = 2147483647;
			files = (
				3EE6004A272CE17C0038691C /* MainScreen.swift in Sources */,
				FA1AA751273AFD0200F97169 /* CircleImage.swift in Sources */,
				FA1AA72F273AEB5A00F97169 /* Booking.swift in Sources */,
				3EE6003C272CDC420038691C /* ContentView.swift in Sources */,
				3EE6003A272CDC420038691C /* platz_fuer_teamsApp.swift in Sources */,
				FA1AA757273AFF0400F97169 /* RowLearningSpace.swift in Sources */,
				FA1AA759273B022800F97169 /* ListLearningSpaces.swift in Sources */,
				FA1AA755273AFE1100F97169 /* DetailLearningSpace.swift in Sources */,
				FA1AA72D273AEAD600F97169 /* LearningSpace.swift in Sources */,
				FA1AA72B273AEA9D00F97169 /* Student.swift in Sources */,
				FA1AA753273AFD8500F97169 /* MapView.swift in Sources */,
				FA1AA74F273AF02700F97169 /* ModelData.swift in Sources */,
			);
			runOnlyForDeploymentPostprocessing = 0;
		};
/* End PBXSourcesBuildPhase section */

/* Begin XCBuildConfiguration section */
		3EE60042272CDC450038691C /* Debug */ = {
			isa = XCBuildConfiguration;
			buildSettings = {
				ALWAYS_SEARCH_USER_PATHS = NO;
				CLANG_ANALYZER_NONNULL = YES;
				CLANG_ANALYZER_NUMBER_OBJECT_CONVERSION = YES_AGGRESSIVE;
				CLANG_CXX_LANGUAGE_STANDARD = "gnu++17";
				CLANG_CXX_LIBRARY = "libc++";
				CLANG_ENABLE_MODULES = YES;
				CLANG_ENABLE_OBJC_ARC = YES;
				CLANG_ENABLE_OBJC_WEAK = YES;
				CLANG_WARN_BLOCK_CAPTURE_AUTORELEASING = YES;
				CLANG_WARN_BOOL_CONVERSION = YES;
				CLANG_WARN_COMMA = YES;
				CLANG_WARN_CONSTANT_CONVERSION = YES;
				CLANG_WARN_DEPRECATED_OBJC_IMPLEMENTATIONS = YES;
				CLANG_WARN_DIRECT_OBJC_ISA_USAGE = YES_ERROR;
				CLANG_WARN_DOCUMENTATION_COMMENTS = YES;
				CLANG_WARN_EMPTY_BODY = YES;
				CLANG_WARN_ENUM_CONVERSION = YES;
				CLANG_WARN_INFINITE_RECURSION = YES;
				CLANG_WARN_INT_CONVERSION = YES;
				CLANG_WARN_NON_LITERAL_NULL_CONVERSION = YES;
				CLANG_WARN_OBJC_IMPLICIT_RETAIN_SELF = YES;
				CLANG_WARN_OBJC_LITERAL_CONVERSION = YES;
				CLANG_WARN_OBJC_ROOT_CLASS = YES_ERROR;
				CLANG_WARN_QUOTED_INCLUDE_IN_FRAMEWORK_HEADER = YES;
				CLANG_WARN_RANGE_LOOP_ANALYSIS = YES;
				CLANG_WARN_STRICT_PROTOTYPES = YES;
				CLANG_WARN_SUSPICIOUS_MOVE = YES;
				CLANG_WARN_UNGUARDED_AVAILABILITY = YES_AGGRESSIVE;
				CLANG_WARN_UNREACHABLE_CODE = YES;
				CLANG_WARN__DUPLICATE_METHOD_MATCH = YES;
				COPY_PHASE_STRIP = NO;
				DEBUG_INFORMATION_FORMAT = dwarf;
				ENABLE_STRICT_OBJC_MSGSEND = YES;
				ENABLE_TESTABILITY = YES;
				GCC_C_LANGUAGE_STANDARD = gnu11;
				GCC_DYNAMIC_NO_PIC = NO;
				GCC_NO_COMMON_BLOCKS = YES;
				GCC_OPTIMIZATION_LEVEL = 0;
				GCC_PREPROCESSOR_DEFINITIONS = (
					"DEBUG=1",
					"$(inherited)",
				);
				GCC_WARN_64_TO_32_BIT_CONVERSION = YES;
				GCC_WARN_ABOUT_RETURN_TYPE = YES_ERROR;
				GCC_WARN_UNDECLARED_SELECTOR = YES;
				GCC_WARN_UNINITIALIZED_AUTOS = YES_AGGRESSIVE;
				GCC_WARN_UNUSED_FUNCTION = YES;
				GCC_WARN_UNUSED_VARIABLE = YES;
				IPHONEOS_DEPLOYMENT_TARGET = 15.0;
				MTL_ENABLE_DEBUG_INFO = INCLUDE_SOURCE;
				MTL_FAST_MATH = YES;
				ONLY_ACTIVE_ARCH = YES;
				SDKROOT = iphoneos;
				SWIFT_ACTIVE_COMPILATION_CONDITIONS = DEBUG;
				SWIFT_OPTIMIZATION_LEVEL = "-Onone";
			};
			name = Debug;
		};
		3EE60043272CDC450038691C /* Release */ = {
			isa = XCBuildConfiguration;
			buildSettings = {
				ALWAYS_SEARCH_USER_PATHS = NO;
				CLANG_ANALYZER_NONNULL = YES;
				CLANG_ANALYZER_NUMBER_OBJECT_CONVERSION = YES_AGGRESSIVE;
				CLANG_CXX_LANGUAGE_STANDARD = "gnu++17";
				CLANG_CXX_LIBRARY = "libc++";
				CLANG_ENABLE_MODULES = YES;
				CLANG_ENABLE_OBJC_ARC = YES;
				CLANG_ENABLE_OBJC_WEAK = YES;
				CLANG_WARN_BLOCK_CAPTURE_AUTORELEASING = YES;
				CLANG_WARN_BOOL_CONVERSION = YES;
				CLANG_WARN_COMMA = YES;
				CLANG_WARN_CONSTANT_CONVERSION = YES;
				CLANG_WARN_DEPRECATED_OBJC_IMPLEMENTATIONS = YES;
				CLANG_WARN_DIRECT_OBJC_ISA_USAGE = YES_ERROR;
				CLANG_WARN_DOCUMENTATION_COMMENTS = YES;
				CLANG_WARN_EMPTY_BODY = YES;
				CLANG_WARN_ENUM_CONVERSION = YES;
				CLANG_WARN_INFINITE_RECURSION = YES;
				CLANG_WARN_INT_CONVERSION = YES;
				CLANG_WARN_NON_LITERAL_NULL_CONVERSION = YES;
				CLANG_WARN_OBJC_IMPLICIT_RETAIN_SELF = YES;
				CLANG_WARN_OBJC_LITERAL_CONVERSION = YES;
				CLANG_WARN_OBJC_ROOT_CLASS = YES_ERROR;
				CLANG_WARN_QUOTED_INCLUDE_IN_FRAMEWORK_HEADER = YES;
				CLANG_WARN_RANGE_LOOP_ANALYSIS = YES;
				CLANG_WARN_STRICT_PROTOTYPES = YES;
				CLANG_WARN_SUSPICIOUS_MOVE = YES;
				CLANG_WARN_UNGUARDED_AVAILABILITY = YES_AGGRESSIVE;
				CLANG_WARN_UNREACHABLE_CODE = YES;
				CLANG_WARN__DUPLICATE_METHOD_MATCH = YES;
				COPY_PHASE_STRIP = NO;
				DEBUG_INFORMATION_FORMAT = "dwarf-with-dsym";
				ENABLE_NS_ASSERTIONS = NO;
				ENABLE_STRICT_OBJC_MSGSEND = YES;
				GCC_C_LANGUAGE_STANDARD = gnu11;
				GCC_NO_COMMON_BLOCKS = YES;
				GCC_WARN_64_TO_32_BIT_CONVERSION = YES;
				GCC_WARN_ABOUT_RETURN_TYPE = YES_ERROR;
				GCC_WARN_UNDECLARED_SELECTOR = YES;
				GCC_WARN_UNINITIALIZED_AUTOS = YES_AGGRESSIVE;
				GCC_WARN_UNUSED_FUNCTION = YES;
				GCC_WARN_UNUSED_VARIABLE = YES;
				IPHONEOS_DEPLOYMENT_TARGET = 15.0;
				MTL_ENABLE_DEBUG_INFO = NO;
				MTL_FAST_MATH = YES;
				SDKROOT = iphoneos;
				SWIFT_COMPILATION_MODE = wholemodule;
				SWIFT_OPTIMIZATION_LEVEL = "-O";
				VALIDATE_PRODUCT = YES;
			};
			name = Release;
		};
		3EE60045272CDC450038691C /* Debug */ = {
			isa = XCBuildConfiguration;
			buildSettings = {
				ASSETCATALOG_COMPILER_APPICON_NAME = AppIcon;
				ASSETCATALOG_COMPILER_GLOBAL_ACCENT_COLOR_NAME = AccentColor;
				CODE_SIGN_STYLE = Automatic;
				CURRENT_PROJECT_VERSION = 1;
				DEVELOPMENT_ASSET_PATHS = "\"platz-fuer-teams/Preview Content\"";
				DEVELOPMENT_TEAM = 38B943C8RH;
				ENABLE_PREVIEWS = YES;
				GENERATE_INFOPLIST_FILE = YES;
				INFOPLIST_KEY_UIApplicationSceneManifest_Generation = YES;
				INFOPLIST_KEY_UIApplicationSupportsIndirectInputEvents = YES;
				INFOPLIST_KEY_UILaunchScreen_Generation = YES;
				INFOPLIST_KEY_UISupportedInterfaceOrientations_iPad = "UIInterfaceOrientationPortrait UIInterfaceOrientationPortraitUpsideDown UIInterfaceOrientationLandscapeLeft UIInterfaceOrientationLandscapeRight";
				INFOPLIST_KEY_UISupportedInterfaceOrientations_iPhone = "UIInterfaceOrientationPortrait UIInterfaceOrientationLandscapeLeft UIInterfaceOrientationLandscapeRight";
				LD_RUNPATH_SEARCH_PATHS = (
					"$(inherited)",
					"@executable_path/Frameworks",
				);
				MARKETING_VERSION = 1.0;
				PRODUCT_BUNDLE_IDENTIFIER = "wolf.alex.platz-fuer-teams";
				PRODUCT_NAME = "$(TARGET_NAME)";
				SWIFT_EMIT_LOC_STRINGS = YES;
				SWIFT_VERSION = 5.0;
				TARGETED_DEVICE_FAMILY = "1,2";
			};
			name = Debug;
		};
		3EE60046272CDC450038691C /* Release */ = {
			isa = XCBuildConfiguration;
			buildSettings = {
				ASSETCATALOG_COMPILER_APPICON_NAME = AppIcon;
				ASSETCATALOG_COMPILER_GLOBAL_ACCENT_COLOR_NAME = AccentColor;
				CODE_SIGN_STYLE = Automatic;
				CURRENT_PROJECT_VERSION = 1;
				DEVELOPMENT_ASSET_PATHS = "\"platz-fuer-teams/Preview Content\"";
				DEVELOPMENT_TEAM = 38B943C8RH;
				ENABLE_PREVIEWS = YES;
				GENERATE_INFOPLIST_FILE = YES;
				INFOPLIST_KEY_UIApplicationSceneManifest_Generation = YES;
				INFOPLIST_KEY_UIApplicationSupportsIndirectInputEvents = YES;
				INFOPLIST_KEY_UILaunchScreen_Generation = YES;
				INFOPLIST_KEY_UISupportedInterfaceOrientations_iPad = "UIInterfaceOrientationPortrait UIInterfaceOrientationPortraitUpsideDown UIInterfaceOrientationLandscapeLeft UIInterfaceOrientationLandscapeRight";
				INFOPLIST_KEY_UISupportedInterfaceOrientations_iPhone = "UIInterfaceOrientationPortrait UIInterfaceOrientationLandscapeLeft UIInterfaceOrientationLandscapeRight";
				LD_RUNPATH_SEARCH_PATHS = (
					"$(inherited)",
					"@executable_path/Frameworks",
				);
				MARKETING_VERSION = 1.0;
				PRODUCT_BUNDLE_IDENTIFIER = "wolf.alex.platz-fuer-teams";
				PRODUCT_NAME = "$(TARGET_NAME)";
				SWIFT_EMIT_LOC_STRINGS = YES;
				SWIFT_VERSION = 5.0;
				TARGETED_DEVICE_FAMILY = "1,2";
			};
			name = Release;
		};
/* End XCBuildConfiguration section */

/* Begin XCConfigurationList section */
		3EE60031272CDC420038691C /* Build configuration list for PBXProject "platz-fuer-teams" */ = {
			isa = XCConfigurationList;
			buildConfigurations = (
				3EE60042272CDC450038691C /* Debug */,
				3EE60043272CDC450038691C /* Release */,
			);
			defaultConfigurationIsVisible = 0;
			defaultConfigurationName = Release;
		};
		3EE60044272CDC450038691C /* Build configuration list for PBXNativeTarget "platz-fuer-teams" */ = {
			isa = XCConfigurationList;
			buildConfigurations = (
				3EE60045272CDC450038691C /* Debug */,
				3EE60046272CDC450038691C /* Release */,
			);
			defaultConfigurationIsVisible = 0;
			defaultConfigurationName = Release;
		};
/* End XCConfigurationList section */
	};
	rootObject = 3EE6002E272CDC420038691C /* Project object */;
}
